
Microsoft Visual Studio Solution File, Format Version 11.00
# Visual Studio 2010
Project("{FAE04EC0-301F-11D3-BF4B-00C04F79EFBC}") = "ENUMERATOR", "ENUMERATOR\ENUMERATOR.csproj", "{E89C44D1-A5FC-4B4E-BB45-95331D45C90D}"
EndProject
Global
	GlobalSection(SolutionConfigurationPlatforms) = preSolution
		Debug|x86 = Debug|x86
		Release|x86 = Release|x86
	EndGlobalSection
	GlobalSection(ProjectConfigurationPlatforms) = postSolution
		{E89C44D1-A5FC-4B4E-BB45-95331D45C90D}.Debug|x86.ActiveCfg = Debug|x86
		{E89C44D1-A5FC-4B4E-BB45-95331D45C90D}.Debug|x86.Build.0 = Debug|x86
		{E89C44D1-A5FC-4B4E-BB45-95331D45C90D}.Release|x86.ActiveCfg = Release|x86
		{E89C44D1-A5FC-4B4E-BB45-95331D45C90D}.Release|x86.Build.0 = Release|x86
	EndGlobalSection
	GlobalSection(SolutionProperties) = preSolution
		HideSolutionNode = FALSE
	EndGlobalSection
EndGlobal
