
Microsoft Visual Studio Solution File, Format Version 12.00
# Visual Studio Version 17
VisualStudioVersion = 17.11.35222.181
MinimumVisualStudioVersion = 10.0.40219.1
Project("{F184B08F-C81C-45F6-A57F-5ABD9991F28F}") = "employee_details", "employee_details.vbproj", "{7486CF9D-18E4-4882-9AC1-C1063D440481}"
EndProject
Global
	GlobalSection(SolutionConfigurationPlatforms) = preSolution
		Debug|Any CPU = Debug|Any CPU
		Release|Any CPU = Release|Any CPU
	EndGlobalSection
	GlobalSection(ProjectConfigurationPlatforms) = postSolution
		{7486CF9D-18E4-4882-9AC1-C1063D440481}.Debug|Any CPU.ActiveCfg = Debug|Any CPU
		{7486CF9D-18E4-4882-9AC1-C1063D440481}.Debug|Any CPU.Build.0 = Debug|Any CPU
		{7486CF9D-18E4-4882-9AC1-C1063D440481}.Release|Any CPU.ActiveCfg = Release|Any CPU
		{7486CF9D-18E4-4882-9AC1-C1063D440481}.Release|Any CPU.Build.0 = Release|Any CPU
	EndGlobalSection
	GlobalSection(SolutionProperties) = preSolution
		HideSolutionNode = FALSE
	EndGlobalSection
	GlobalSection(ExtensibilityGlobals) = postSolution
		SolutionGuid = {694C6B93-650C-4F1D-BFE8-77762DBD7070}
	EndGlobalSection
EndGlobal
